
Microsoft Visual Studio Solution File, Format Version 12.00
# Visual Studio Version 17
VisualStudioVersion = 17.13.35931.197 d17.13
MinimumVisualStudioVersion = 10.0.40219.1
Project("{8BC9CEB8-8B4A-11D0-8D11-00A0C91BC942}") = "chapter5exercise_18", "chapter5exercise_18.vcxproj", "{870157E3-8FAB-4C71-96C4-1567E8E62497}"
EndProject
Global
	GlobalSection(SolutionConfigurationPlatforms) = preSolution
		Debug|x64 = Debug|x64
		Debug|x86 = Debug|x86
		Release|x64 = Release|x64
		Release|x86 = Release|x86
	EndGlobalSection
	GlobalSection(ProjectConfigurationPlatforms) = postSolution
		{870157E3-8FAB-4C71-96C4-1567E8E62497}.Debug|x64.ActiveCfg = Debug|x64
		{870157E3-8FAB-4C71-96C4-1567E8E62497}.Debug|x64.Build.0 = Debug|x64
		{870157E3-8FAB-4C71-96C4-1567E8E62497}.Debug|x86.ActiveCfg = Debug|Win32
		{870157E3-8FAB-4C71-96C4-1567E8E62497}.Debug|x86.Build.0 = Debug|Win32
		{870157E3-8FAB-4C71-96C4-1567E8E62497}.Release|x64.ActiveCfg = Release|x64
		{870157E3-8FAB-4C71-96C4-1567E8E62497}.Release|x64.Build.0 = Release|x64
		{870157E3-8FAB-4C71-96C4-1567E8E62497}.Release|x86.ActiveCfg = Release|Win32
		{870157E3-8FAB-4C71-96C4-1567E8E62497}.Release|x86.Build.0 = Release|Win32
	EndGlobalSection
	GlobalSection(SolutionProperties) = preSolution
		HideSolutionNode = FALSE
	EndGlobalSection
	GlobalSection(ExtensibilityGlobals) = postSolution
		SolutionGuid = {3CF40AB7-0CC9-47FD-BC33-F18046927794}
	EndGlobalSection
EndGlobal
